
Microsoft Visual Studio Solution File, Format Version 12.00
# Visual Studio Version 17
VisualStudioVersion = 17.8.34330.188
MinimumVisualStudioVersion = 10.0.40219.1
Project("{FAE04EC0-301F-11D3-BF4B-00C04F79EFBC}") = "BeyondNet.Aop", "BeyondNet.Aop\BeyondNet.Aop.csproj", "{923CA45A-3945-4C86-8CC0-7398D4BD5432}"
EndProject
Project("{FAE04EC0-301F-11D3-BF4B-00C04F79EFBC}") = "BeyondNet.Aop.Installer", "BeyondNet.Aop.Installer\BeyondNet.Aop.Installer.csproj", "{9377E1E6-97AF-4105-AD2C-08537B9C7680}"
EndProject
Project("{FAE04EC0-301F-11D3-BF4B-00C04F79EFBC}") = "BeyondNet.Aop.Logger", "BeyondNet.Aop.Logger\BeyondNet.Aop.Logger.csproj", "{7B2FC936-5291-43DE-830A-3AE41762C89F}"
EndProject
Project("{FAE04EC0-301F-11D3-BF4B-00C04F79EFBC}") = "BeyondNet.Aop.Logger.Serilog", "BeyondNet.Aop.Logger.Serilog\BeyondNet.Aop.Logger.Serilog.csproj", "{C6702B06-EB9A-444C-ACA6-DC55B5C59BB2}"
EndProject
Global
	GlobalSection(SolutionConfigurationPlatforms) = preSolution
		Debug|Any CPU = Debug|Any CPU
		Release|Any CPU = Release|Any CPU
	EndGlobalSection
	GlobalSection(ProjectConfigurationPlatforms) = postSolution
		{923CA45A-3945-4C86-8CC0-7398D4BD5432}.Debug|Any CPU.ActiveCfg = Release|Any CPU
		{923CA45A-3945-4C86-8CC0-7398D4BD5432}.Debug|Any CPU.Build.0 = Release|Any CPU
		{923CA45A-3945-4C86-8CC0-7398D4BD5432}.Release|Any CPU.ActiveCfg = Release|Any CPU
		{923CA45A-3945-4C86-8CC0-7398D4BD5432}.Release|Any CPU.Build.0 = Release|Any CPU
		{9377E1E6-97AF-4105-AD2C-08537B9C7680}.Debug|Any CPU.ActiveCfg = Release|Any CPU
		{9377E1E6-97AF-4105-AD2C-08537B9C7680}.Debug|Any CPU.Build.0 = Release|Any CPU
		{9377E1E6-97AF-4105-AD2C-08537B9C7680}.Release|Any CPU.ActiveCfg = Release|Any CPU
		{9377E1E6-97AF-4105-AD2C-08537B9C7680}.Release|Any CPU.Build.0 = Release|Any CPU
		{7B2FC936-5291-43DE-830A-3AE41762C89F}.Debug|Any CPU.ActiveCfg = Release|Any CPU
		{7B2FC936-5291-43DE-830A-3AE41762C89F}.Debug|Any CPU.Build.0 = Release|Any CPU
		{7B2FC936-5291-43DE-830A-3AE41762C89F}.Release|Any CPU.ActiveCfg = Release|Any CPU
		{7B2FC936-5291-43DE-830A-3AE41762C89F}.Release|Any CPU.Build.0 = Release|Any CPU
		{C6702B06-EB9A-444C-ACA6-DC55B5C59BB2}.Debug|Any CPU.ActiveCfg = Release|Any CPU
		{C6702B06-EB9A-444C-ACA6-DC55B5C59BB2}.Debug|Any CPU.Build.0 = Release|Any CPU
		{C6702B06-EB9A-444C-ACA6-DC55B5C59BB2}.Release|Any CPU.ActiveCfg = Release|Any CPU
		{C6702B06-EB9A-444C-ACA6-DC55B5C59BB2}.Release|Any CPU.Build.0 = Release|Any CPU
	EndGlobalSection
	GlobalSection(SolutionProperties) = preSolution
		HideSolutionNode = FALSE
	EndGlobalSection
	GlobalSection(ExtensibilityGlobals) = postSolution
		SolutionGuid = {897F71D1-9C27-4F80-9502-31A2FA7EEA64}
	EndGlobalSection
EndGlobal
